{
    "_meta": {
        "hash": {
            "sha256": "7911dc86fd3505efe7bb6c4098299d0bd12e52dd12027cd02293cb97403d0f2c"
        },
        "pipfile-spec": 6,
        "requires": {
            "python_version": "3.8"
        },
        "sources": [
            {
                "name": "pypi",
                "url": "https://pypi.org/simple",
                "verify_ssl": true
            }
        ]
    },
    "default": {
        "colorama": {
            "hashes": [
                "sha256:7d73d2a99753107a36ac6b455ee49046802e59d9d076ef8e47b61499fa29afff",
                "sha256:e96da0d330793e2cb9485e9ddfd918d456036c7149416295932478192f4436a1"
            ],
            "markers": "python_version >= '2.7' and python_version not in '3.0, 3.1, 3.2, 3.3, 3.4'",
            "version": "==0.4.3"
        },
        "frida": {
            "hashes": [
                "sha256:078a513c7ace106fcf4dc00962b2ad36670d42c1d8a3e21668b155eccd916818",
                "sha256:3b3efc8206d2ea1895dd96d78a7249ac884b85e3d52b670f7c80b8a115ce4a76",
                "sha256:4aa3a639ce9b2a03f5919ede832de47b15cc211e60d4a7d27b6958032f63f144",
                "sha256:56b28a7173b743f66bac03b1d927519f76853909c129c6728056f5abf438dc11",
                "sha256:67a3a98de22a2909096b61808073de862e4d05c44e3086bf873e46303e619af9",
                "sha256:88c01cfc16bbeaff8b2188f0c0feb8cee31e8252a1ce08e62c00232177a11d6f",
                "sha256:9faeff21a312b65f137d6b5cbea613e6f3418a796651971f56247e2d33e0a353",
                "sha256:a7bf34bf8b2d8b45a761102f8228981747c3a2815da31121721acf62d3e917b3",
                "sha256:a8df30c8f59b4b6b7fc76189733eba13881b72811926d55347999e3452f1a2f0",
                "sha256:cf7ad22fd96234a51579a9a93ea259001e7f371d8fc0ddf1acd88823fc630ce6",
                "sha256:f1709aa05530ab1fc6708a90cd4ec2d29531bb584b8e290d633bbe6be668cc01"
            ],
            "version": "==12.10.4"
        },
        "frida-tools": {
            "hashes": [
                "sha256:009ae61ce470dfc9ddcd56ab4bad2aab416f142cf57a34986e5a36a56ee6da57"
            ],
            "index": "pypi",
            "version": "==8.0.1"
        },
        "prompt-toolkit": {
            "hashes": [
                "sha256:563d1a4140b63ff9dd587bda9557cffb2fe73650205ab6f4383092fb882e7dc8",
                "sha256:df7e9e63aea609b1da3a65641ceaf5bc7d05e0a04de5bd45d05dbeffbabf9e04"
            ],
            "markers": "python_full_version >= '3.6.1'",
            "version": "==3.0.5"
        },
        "pygments": {
            "hashes": [
                "sha256:647344a061c249a3b74e230c739f434d7ea4d8b1d5f3721bc0f3558049b38f44",
                "sha256:ff7a40b4860b727ab48fad6360eb351cc1b33cbf9b15a0f689ca5353e9463324"
            ],
            "markers": "python_version >= '3.5'",
            "version": "==2.6.1"
        },
        "wcwidth": {
            "hashes": [
                "sha256:beb4802a9cebb9144e99086eff703a642a13d6a0052920003a230f3294bbe784",
                "sha256:c4d647b99872929fdb7bdcaa4fbe7f01413ed3d98077df798530e5b04f116c83"
            ],
            "version": "==0.2.5"
        }
    },
    "develop": {}
}
